
Microsoft Visual Studio Solution File, Format Version 12.00
# Visual Studio Version 17
VisualStudioVersion = 17.6.33815.320
MinimumVisualStudioVersion = 10.0.40219.1
Project("{9A19103F-16F7-4668-BE54-9A1E7A4F7556}") = "Database", "Database\Database.csproj", "{AFBCD57A-F6DC-4865-9481-D17CC5087AFD}"
EndProject
Project("{9A19103F-16F7-4668-BE54-9A1E7A4F7556}") = "Aplicação", "Aplicação\Aplicação.csproj", "{CA070971-7C1E-4F87-ACE2-8EA30A9316CC}"
EndProject
Project("{9A19103F-16F7-4668-BE54-9A1E7A4F7556}") = "Interface", "Interface\Interface.csproj", "{C57AAAB2-5DD3-4C77-AB4A-514ACAF295B5}"
EndProject
Global
	GlobalSection(SolutionConfigurationPlatforms) = preSolution
		Debug|Any CPU = Debug|Any CPU
		Release|Any CPU = Release|Any CPU
	EndGlobalSection
	GlobalSection(ProjectConfigurationPlatforms) = postSolution
		{AFBCD57A-F6DC-4865-9481-D17CC5087AFD}.Debug|Any CPU.ActiveCfg = Debug|Any CPU
		{AFBCD57A-F6DC-4865-9481-D17CC5087AFD}.Debug|Any CPU.Build.0 = Debug|Any CPU
		{AFBCD57A-F6DC-4865-9481-D17CC5087AFD}.Release|Any CPU.ActiveCfg = Release|Any CPU
		{AFBCD57A-F6DC-4865-9481-D17CC5087AFD}.Release|Any CPU.Build.0 = Release|Any CPU
		{CA070971-7C1E-4F87-ACE2-8EA30A9316CC}.Debug|Any CPU.ActiveCfg = Debug|Any CPU
		{CA070971-7C1E-4F87-ACE2-8EA30A9316CC}.Debug|Any CPU.Build.0 = Debug|Any CPU
		{CA070971-7C1E-4F87-ACE2-8EA30A9316CC}.Release|Any CPU.ActiveCfg = Release|Any CPU
		{CA070971-7C1E-4F87-ACE2-8EA30A9316CC}.Release|Any CPU.Build.0 = Release|Any CPU
		{C57AAAB2-5DD3-4C77-AB4A-514ACAF295B5}.Debug|Any CPU.ActiveCfg = Debug|Any CPU
		{C57AAAB2-5DD3-4C77-AB4A-514ACAF295B5}.Debug|Any CPU.Build.0 = Debug|Any CPU
		{C57AAAB2-5DD3-4C77-AB4A-514ACAF295B5}.Release|Any CPU.ActiveCfg = Release|Any CPU
		{C57AAAB2-5DD3-4C77-AB4A-514ACAF295B5}.Release|Any CPU.Build.0 = Release|Any CPU
	EndGlobalSection
	GlobalSection(SolutionProperties) = preSolution
		HideSolutionNode = FALSE
	EndGlobalSection
	GlobalSection(ExtensibilityGlobals) = postSolution
		SolutionGuid = {4D0022EE-0722-4C07-9311-0D3127CDCF3E}
	EndGlobalSection
EndGlobal
